{
  "name": "highcharts-more-node",
  "version": "v1.0.2",
  "lockfileVersion": 1,
  "requires": true,
  "dependencies": {
    "highcharts": {
      "version": "4.2.7",
      "resolved": "https://registry.npmjs.org/highcharts/-/highcharts-4.2.7.tgz",
      "integrity": "sha1-RcvtjpnJwELpX5xRB2cmSW9oaGI="
    }
  }
}
