{
  "name": "highcharts-more-node",
  "version": "v5.0.12",
  "lockfileVersion": 1,
  "requires": true,
  "dependencies": {
    "highcharts": {
      "version": "5.0.12",
      "resolved": "https://registry.npmjs.org/highcharts/-/highcharts-5.0.12.tgz",
      "integrity": "sha1-9zuXD+XH8EEAIgtkqnvX+wGdEeI="
    }
  }
}
